
Microsoft Visual Studio Solution File, Format Version 12.00
# Visual Studio Version 17
VisualStudioVersion = 17.14.36616.10
MinimumVisualStudioVersion = 10.0.40219.1
Project("{FAE04EC0-301F-11D3-BF4B-00C04F79EFBC}") = "DreamWorldCoreApi", "DreamWorldCoreApi.csproj", "{BC769A74-8FD7-428C-94B4-82BA0E7FC6F8}"
EndProject
Project("{FAE04EC0-301F-11D3-BF4B-00C04F79EFBC}") = "SkOllamaHelloWorld", "SkOllamaHelloWorld\SkOllamaHelloWorld.csproj", "{F61CEB22-B83F-94FD-D011-1A015B9076C6}"
EndProject
Global
	GlobalSection(SolutionConfigurationPlatforms) = preSolution
		Debug|Any CPU = Debug|Any CPU
		Release|Any CPU = Release|Any CPU
	EndGlobalSection
	GlobalSection(ProjectConfigurationPlatforms) = postSolution
		{BC769A74-8FD7-428C-94B4-82BA0E7FC6F8}.Debug|Any CPU.ActiveCfg = Debug|Any CPU
		{BC769A74-8FD7-428C-94B4-82BA0E7FC6F8}.Debug|Any CPU.Build.0 = Debug|Any CPU
		{BC769A74-8FD7-428C-94B4-82BA0E7FC6F8}.Release|Any CPU.ActiveCfg = Release|Any CPU
		{BC769A74-8FD7-428C-94B4-82BA0E7FC6F8}.Release|Any CPU.Build.0 = Release|Any CPU
		{F61CEB22-B83F-94FD-D011-1A015B9076C6}.Debug|Any CPU.ActiveCfg = Debug|Any CPU
		{F61CEB22-B83F-94FD-D011-1A015B9076C6}.Debug|Any CPU.Build.0 = Debug|Any CPU
		{F61CEB22-B83F-94FD-D011-1A015B9076C6}.Release|Any CPU.ActiveCfg = Release|Any CPU
		{F61CEB22-B83F-94FD-D011-1A015B9076C6}.Release|Any CPU.Build.0 = Release|Any CPU
	EndGlobalSection
	GlobalSection(SolutionProperties) = preSolution
		HideSolutionNode = FALSE
	EndGlobalSection
	GlobalSection(ExtensibilityGlobals) = postSolution
		SolutionGuid = {9C9A1464-E983-4345-8AB1-7079AD930E65}
	EndGlobalSection
EndGlobal
